// !$*UTF8*$!
{
	archiveVersion = 1;
	classes = {
	};
	objectVersion = 46;
	objects = {

/* Begin PBXBuildFile section */
		EB03C3FE1BD43A40001A40C8 /* Pair.swift in Sources */ = {isa = PBXBuildFile; fileRef = EB03C3FD1BD43A40001A40C8 /* Pair.swift */; };
		EB1C613F1B5327380092817E /* Shear.h in Headers */ = {isa = PBXBuildFile; fileRef = EB1C613E1B5327380092817E /* Shear.h */; settings = {ATTRIBUTES = (Public, ); }; };
		EB1C61461B5327380092817E /* Shear.framework in Frameworks */ = {isa = PBXBuildFile; fileRef = EB1C613B1B5327380092817E /* Shear.framework */; };
		EB1C614B1B5327380092817E /* DenseTensorTests.swift in Sources */ = {isa = PBXBuildFile; fileRef = EB1C614A1B5327380092817E /* DenseTensorTests.swift */; };
		EB1C61561B5327500092817E /* TensorProtocol.swift in Sources */ = {isa = PBXBuildFile; fileRef = EB1C61551B5327500092817E /* TensorProtocol.swift */; };
		EB1C61581B53275E0092817E /* DenseTensor.swift in Sources */ = {isa = PBXBuildFile; fileRef = EB1C61571B53275E0092817E /* DenseTensor.swift */; };
		EB1C615A1B5327B20092817E /* NumericType.swift in Sources */ = {isa = PBXBuildFile; fileRef = EB1C61591B5327B20092817E /* NumericType.swift */; };
		EB1C615C1B5327BC0092817E /* NumericMisc.swift in Sources */ = {isa = PBXBuildFile; fileRef = EB1C615B1B5327BC0092817E /* NumericMisc.swift */; };
		EB3ED7CD1B78811C0092817E /* ArrayIndex.swift in Sources */ = {isa = PBXBuildFile; fileRef = EB3ED7CC1B78811C0092817E /* ArrayIndex.swift */; };
		EB77109E1BA8B0D4006FE242 /* SwiftExtensions.swift in Sources */ = {isa = PBXBuildFile; fileRef = EB77109D1BA8B0D4006FE242 /* SwiftExtensions.swift */; };
		EB77C9D61CD81514006FE242 /* EncloseDisclose.swift in Sources */ = {isa = PBXBuildFile; fileRef = EB77C9D51CD81514006FE242 /* EncloseDisclose.swift */; };
		EB77C9D81CD8158D006FE242 /* Sequence.swift in Sources */ = {isa = PBXBuildFile; fileRef = EB77C9D71CD8158D006FE242 /* Sequence.swift */; };
		EB77C9DA1CD815F8006FE242 /* Transform.swift in Sources */ = {isa = PBXBuildFile; fileRef = EB77C9D91CD815F8006FE242 /* Transform.swift */; };
		EB77C9DC1CD81646006FE242 /* Merge.swift in Sources */ = {isa = PBXBuildFile; fileRef = EB77C9DB1CD81646006FE242 /* Merge.swift */; };
		EB77C9DF1CD816F2006FE242 /* MapReduceScan.swift in Sources */ = {isa = PBXBuildFile; fileRef = EB77C9DE1CD816F2006FE242 /* MapReduceScan.swift */; };
		EB8602281BFE8E87001A40C8 /* OpertaionsTests.swift in Sources */ = {isa = PBXBuildFile; fileRef = EB8602271BFE8E87001A40C8 /* OpertaionsTests.swift */; };
		EBA365331BAFC2BE0092817E /* AllElementsCollection.swift in Sources */ = {isa = PBXBuildFile; fileRef = EBA365321BAFC2BE0092817E /* AllElementsCollection.swift */; };
		EBC220E81CD5B03F006FE242 /* Tensor.swift in Sources */ = {isa = PBXBuildFile; fileRef = EBC220E71CD5B03F006FE242 /* Tensor.swift */; };
		EBD9F4E41BFD1B09001A40C8 /* TensorBasicsTests.swift in Sources */ = {isa = PBXBuildFile; fileRef = EBD9F4E31BFD1B09001A40C8 /* TensorBasicsTests.swift */; };
		EBE0D99A1B5368BE0092817E /* AddSubtract.swift in Sources */ = {isa = PBXBuildFile; fileRef = EBE0D9991B5368BE0092817E /* AddSubtract.swift */; };
		EBE0D99C1B536BDB0092817E /* MultiplyDivide.swift in Sources */ = {isa = PBXBuildFile; fileRef = EBE0D99B1B536BDB0092817E /* MultiplyDivide.swift */; };
		EBE948C01BD44DBB001A40C8 /* Util.swift in Sources */ = {isa = PBXBuildFile; fileRef = EBE948BF1BD44DBB001A40C8 /* Util.swift */; };
		EBEB92C21B77FC660092817E /* TensorSlice.swift in Sources */ = {isa = PBXBuildFile; fileRef = EBEB92C11B77FC660092817E /* TensorSlice.swift */; };
		EBF74CA41CCABB86006FE242 /* TensorSliceTests.swift in Sources */ = {isa = PBXBuildFile; fileRef = EBF74CA31CCABB86006FE242 /* TensorSliceTests.swift */; };
/* End PBXBuildFile section */

/* Begin PBXContainerItemProxy section */
		EB1C61471B5327380092817E /* PBXContainerItemProxy */ = {
			isa = PBXContainerItemProxy;
			containerPortal = EB1C61321B5327380092817E /* Project object */;
			proxyType = 1;
			remoteGlobalIDString = EB1C613A1B5327380092817E;
			remoteInfo = Shear;
		};
/* End PBXContainerItemProxy section */

/* Begin PBXFileReference section */
		EB03C3FD1BD43A40001A40C8 /* Pair.swift */ = {isa = PBXFileReference; fileEncoding = 4; lastKnownFileType = sourcecode.swift; path = Pair.swift; sourceTree = "<group>"; };
		EB1C613B1B5327380092817E /* Shear.framework */ = {isa = PBXFileReference; explicitFileType = wrapper.framework; includeInIndex = 0; path = Shear.framework; sourceTree = BUILT_PRODUCTS_DIR; };
		EB1C613E1B5327380092817E /* Shear.h */ = {isa = PBXFileReference; lastKnownFileType = sourcecode.c.h; path = Shear.h; sourceTree = "<group>"; };
		EB1C61401B5327380092817E /* Info.plist */ = {isa = PBXFileReference; lastKnownFileType = text.plist.xml; path = Info.plist; sourceTree = "<group>"; };
		EB1C61451B5327380092817E /* ShearTests.xctest */ = {isa = PBXFileReference; explicitFileType = wrapper.cfbundle; includeInIndex = 0; path = ShearTests.xctest; sourceTree = BUILT_PRODUCTS_DIR; };
		EB1C614A1B5327380092817E /* DenseTensorTests.swift */ = {isa = PBXFileReference; lastKnownFileType = sourcecode.swift; lineEnding = 0; path = DenseTensorTests.swift; sourceTree = "<group>"; xcLanguageSpecificationIdentifier = xcode.lang.swift; };
		EB1C614C1B5327380092817E /* Info.plist */ = {isa = PBXFileReference; lastKnownFileType = text.plist.xml; path = Info.plist; sourceTree = "<group>"; };
		EB1C61551B5327500092817E /* TensorProtocol.swift */ = {isa = PBXFileReference; fileEncoding = 4; lastKnownFileType = sourcecode.swift; lineEnding = 0; path = TensorProtocol.swift; sourceTree = "<group>"; xcLanguageSpecificationIdentifier = xcode.lang.swift; };
		EB1C61571B53275E0092817E /* DenseTensor.swift */ = {isa = PBXFileReference; fileEncoding = 4; lastKnownFileType = sourcecode.swift; path = DenseTensor.swift; sourceTree = "<group>"; };
		EB1C61591B5327B20092817E /* NumericType.swift */ = {isa = PBXFileReference; fileEncoding = 4; lastKnownFileType = sourcecode.swift; path = NumericType.swift; sourceTree = "<group>"; };
		EB1C615B1B5327BC0092817E /* NumericMisc.swift */ = {isa = PBXFileReference; fileEncoding = 4; lastKnownFileType = sourcecode.swift; path = NumericMisc.swift; sourceTree = "<group>"; };
		EB3ED7CC1B78811C0092817E /* ArrayIndex.swift */ = {isa = PBXFileReference; fileEncoding = 4; lastKnownFileType = sourcecode.swift; path = ArrayIndex.swift; sourceTree = "<group>"; };
		EB77109D1BA8B0D4006FE242 /* SwiftExtensions.swift */ = {isa = PBXFileReference; fileEncoding = 4; lastKnownFileType = sourcecode.swift; path = SwiftExtensions.swift; sourceTree = "<group>"; };
		EB777C4D1CD82863006FE242 /* LICENSE.md */ = {isa = PBXFileReference; lastKnownFileType = net.daringfireball.markdown; path = LICENSE.md; sourceTree = "<group>"; };
		EB777C4E1CD82863006FE242 /* README.md */ = {isa = PBXFileReference; lastKnownFileType = net.daringfireball.markdown; path = README.md; sourceTree = "<group>"; };
		EB77C9D51CD81514006FE242 /* EncloseDisclose.swift */ = {isa = PBXFileReference; fileEncoding = 4; lastKnownFileType = sourcecode.swift; lineEnding = 0; path = EncloseDisclose.swift; sourceTree = "<group>"; xcLanguageSpecificationIdentifier = xcode.lang.swift; };
		EB77C9D71CD8158D006FE242 /* Sequence.swift */ = {isa = PBXFileReference; fileEncoding = 4; lastKnownFileType = sourcecode.swift; path = Sequence.swift; sourceTree = "<group>"; };
		EB77C9D91CD815F8006FE242 /* Transform.swift */ = {isa = PBXFileReference; fileEncoding = 4; lastKnownFileType = sourcecode.swift; path = Transform.swift; sourceTree = "<group>"; };
		EB77C9DB1CD81646006FE242 /* Merge.swift */ = {isa = PBXFileReference; fileEncoding = 4; lastKnownFileType = sourcecode.swift; path = Merge.swift; sourceTree = "<group>"; };
		EB77C9DE1CD816F2006FE242 /* MapReduceScan.swift */ = {isa = PBXFileReference; fileEncoding = 4; lastKnownFileType = sourcecode.swift; path = MapReduceScan.swift; sourceTree = "<group>"; };
		EB8602271BFE8E87001A40C8 /* OpertaionsTests.swift */ = {isa = PBXFileReference; fileEncoding = 4; lastKnownFileType = sourcecode.swift; path = OpertaionsTests.swift; sourceTree = "<group>"; };
		EBA365321BAFC2BE0092817E /* AllElementsCollection.swift */ = {isa = PBXFileReference; fileEncoding = 4; lastKnownFileType = sourcecode.swift; path = AllElementsCollection.swift; sourceTree = "<group>"; };
		EBC220E71CD5B03F006FE242 /* Tensor.swift */ = {isa = PBXFileReference; fileEncoding = 4; lastKnownFileType = sourcecode.swift; lineEnding = 0; path = Tensor.swift; sourceTree = "<group>"; xcLanguageSpecificationIdentifier = xcode.lang.swift; };
		EBD9F4E31BFD1B09001A40C8 /* TensorBasicsTests.swift */ = {isa = PBXFileReference; fileEncoding = 4; lastKnownFileType = sourcecode.swift; lineEnding = 0; path = TensorBasicsTests.swift; sourceTree = "<group>"; xcLanguageSpecificationIdentifier = xcode.lang.swift; };
		EBE0D9991B5368BE0092817E /* AddSubtract.swift */ = {isa = PBXFileReference; fileEncoding = 4; lastKnownFileType = sourcecode.swift; lineEnding = 0; path = AddSubtract.swift; sourceTree = "<group>"; xcLanguageSpecificationIdentifier = xcode.lang.swift; };
		EBE0D99B1B536BDB0092817E /* MultiplyDivide.swift */ = {isa = PBXFileReference; fileEncoding = 4; lastKnownFileType = sourcecode.swift; path = MultiplyDivide.swift; sourceTree = "<group>"; };
		EBE948BF1BD44DBB001A40C8 /* Util.swift */ = {isa = PBXFileReference; fileEncoding = 4; lastKnownFileType = sourcecode.swift; path = Util.swift; sourceTree = "<group>"; };
		EBEB92C11B77FC660092817E /* TensorSlice.swift */ = {isa = PBXFileReference; fileEncoding = 4; lastKnownFileType = sourcecode.swift; lineEnding = 0; path = TensorSlice.swift; sourceTree = "<group>"; xcLanguageSpecificationIdentifier = xcode.lang.swift; };
		EBF74CA31CCABB86006FE242 /* TensorSliceTests.swift */ = {isa = PBXFileReference; fileEncoding = 4; lastKnownFileType = sourcecode.swift; path = TensorSliceTests.swift; sourceTree = "<group>"; };
/* End PBXFileReference section */

/* Begin PBXFrameworksBuildPhase section */
		EB1C61371B5327380092817E /* Frameworks */ = {
			isa = PBXFrameworksBuildPhase;
			buildActionMask = 2147483647;
			files = (
			);
			runOnlyForDeploymentPostprocessing = 0;
		};
		EB1C61421B5327380092817E /* Frameworks */ = {
			isa = PBXFrameworksBuildPhase;
			buildActionMask = 2147483647;
			files = (
				EB1C61461B5327380092817E /* Shear.framework in Frameworks */,
			);
			runOnlyForDeploymentPostprocessing = 0;
		};
/* End PBXFrameworksBuildPhase section */

/* Begin PBXGroup section */
		EB1C61311B5327380092817E = {
			isa = PBXGroup;
			children = (
				EB777C4D1CD82863006FE242 /* LICENSE.md */,
				EB777C4E1CD82863006FE242 /* README.md */,
				EB1C613D1B5327380092817E /* Shear */,
				EB1C61491B5327380092817E /* ShearTests */,
				EB1C613C1B5327380092817E /* Products */,
			);
			sourceTree = "<group>";
		};
		EB1C613C1B5327380092817E /* Products */ = {
			isa = PBXGroup;
			children = (
				EB1C613B1B5327380092817E /* Shear.framework */,
				EB1C61451B5327380092817E /* ShearTests.xctest */,
			);
			name = Products;
			sourceTree = "<group>";
		};
		EB1C613D1B5327380092817E /* Shear */ = {
			isa = PBXGroup;
			children = (
				EB1C613E1B5327380092817E /* Shear.h */,
				EB1C61401B5327380092817E /* Info.plist */,
				EBA365301BAFC0D80092817E /* Core */,
				EBE0D9981B5364390092817E /* Numeric */,
				EBA365311BAFC0F60092817E /* Util */,
			);
			path = Shear;
			sourceTree = "<group>";
		};
		EB1C61491B5327380092817E /* ShearTests */ = {
			isa = PBXGroup;
			children = (
				EB1C614A1B5327380092817E /* DenseTensorTests.swift */,
				EBF74CA31CCABB86006FE242 /* TensorSliceTests.swift */,
				EBD9F4E31BFD1B09001A40C8 /* TensorBasicsTests.swift */,
				EB8602271BFE8E87001A40C8 /* OpertaionsTests.swift */,
				EB1C614C1B5327380092817E /* Info.plist */,
			);
			path = ShearTests;
			sourceTree = "<group>";
		};
		EB77C9DD1CD816AA006FE242 /* Operations */ = {
			isa = PBXGroup;
			children = (
				EB77C9D51CD81514006FE242 /* EncloseDisclose.swift */,
				EB77C9DE1CD816F2006FE242 /* MapReduceScan.swift */,
				EB77C9DB1CD81646006FE242 /* Merge.swift */,
				EB03C3FD1BD43A40001A40C8 /* Pair.swift */,
				EB77C9D71CD8158D006FE242 /* Sequence.swift */,
				EB77C9D91CD815F8006FE242 /* Transform.swift */,
			);
			name = Operations;
			sourceTree = "<group>";
		};
		EBA365301BAFC0D80092817E /* Core */ = {
			isa = PBXGroup;
			children = (
				EB1C61551B5327500092817E /* TensorProtocol.swift */,
				EBEB92C11B77FC660092817E /* TensorSlice.swift */,
				EBC220E71CD5B03F006FE242 /* Tensor.swift */,
				EB1C61571B53275E0092817E /* DenseTensor.swift */,
				EB77C9DD1CD816AA006FE242 /* Operations */,
			);
			name = Core;
			sourceTree = "<group>";
		};
		EBA365311BAFC0F60092817E /* Util */ = {
			isa = PBXGroup;
			children = (
				EBA365321BAFC2BE0092817E /* AllElementsCollection.swift */,
				EB3ED7CC1B78811C0092817E /* ArrayIndex.swift */,
				EB77109D1BA8B0D4006FE242 /* SwiftExtensions.swift */,
				EBE948BF1BD44DBB001A40C8 /* Util.swift */,
			);
			name = Util;
			sourceTree = "<group>";
		};
		EBE0D9981B5364390092817E /* Numeric */ = {
			isa = PBXGroup;
			children = (
				EBE0D9991B5368BE0092817E /* AddSubtract.swift */,
				EBE0D99B1B536BDB0092817E /* MultiplyDivide.swift */,
				EB1C615B1B5327BC0092817E /* NumericMisc.swift */,
				EB1C61591B5327B20092817E /* NumericType.swift */,
			);
			name = Numeric;
			sourceTree = "<group>";
		};
/* End PBXGroup section */

/* Begin PBXHeadersBuildPhase section */
		EB1C61381B5327380092817E /* Headers */ = {
			isa = PBXHeadersBuildPhase;
			buildActionMask = 2147483647;
			files = (
				EB1C613F1B5327380092817E /* Shear.h in Headers */,
			);
			runOnlyForDeploymentPostprocessing = 0;
		};
/* End PBXHeadersBuildPhase section */

/* Begin PBXNativeTarget section */
		EB1C613A1B5327380092817E /* Shear */ = {
			isa = PBXNativeTarget;
			buildConfigurationList = EB1C614F1B5327380092817E /* Build configuration list for PBXNativeTarget "Shear" */;
			buildPhases = (
				EB1C61361B5327380092817E /* Sources */,
				EB1C61371B5327380092817E /* Frameworks */,
				EB1C61381B5327380092817E /* Headers */,
				EB1C61391B5327380092817E /* Resources */,
			);
			buildRules = (
			);
			dependencies = (
			);
			name = Shear;
			productName = Shear;
			productReference = EB1C613B1B5327380092817E /* Shear.framework */;
			productType = "com.apple.product-type.framework";
		};
		EB1C61441B5327380092817E /* ShearTests */ = {
			isa = PBXNativeTarget;
			buildConfigurationList = EB1C61521B5327380092817E /* Build configuration list for PBXNativeTarget "ShearTests" */;
			buildPhases = (
				EB1C61411B5327380092817E /* Sources */,
				EB1C61421B5327380092817E /* Frameworks */,
				EB1C61431B5327380092817E /* Resources */,
			);
			buildRules = (
			);
			dependencies = (
				EB1C61481B5327380092817E /* PBXTargetDependency */,
			);
			name = ShearTests;
			productName = ShearTests;
			productReference = EB1C61451B5327380092817E /* ShearTests.xctest */;
			productType = "com.apple.product-type.bundle.unit-test";
		};
/* End PBXNativeTarget section */

/* Begin PBXProject section */
		EB1C61321B5327380092817E /* Project object */ = {
			isa = PBXProject;
			attributes = {
				LastSwiftUpdateCheck = 0700;
				LastUpgradeCheck = 0700;
				ORGANIZATIONNAME = "Andrew Snow";
				TargetAttributes = {
					EB1C613A1B5327380092817E = {
						CreatedOnToolsVersion = 7.0;
					};
					EB1C61441B5327380092817E = {
						CreatedOnToolsVersion = 7.0;
					};
				};
			};
			buildConfigurationList = EB1C61351B5327380092817E /* Build configuration list for PBXProject "Shear" */;
			compatibilityVersion = "Xcode 3.2";
			developmentRegion = English;
			hasScannedForEncodings = 0;
			knownRegions = (
				en,
			);
			mainGroup = EB1C61311B5327380092817E;
			productRefGroup = EB1C613C1B5327380092817E /* Products */;
			projectDirPath = "";
			projectRoot = "";
			targets = (
				EB1C613A1B5327380092817E /* Shear */,
				EB1C61441B5327380092817E /* ShearTests */,
			);
		};
/* End PBXProject section */

/* Begin PBXResourcesBuildPhase section */
		EB1C61391B5327380092817E /* Resources */ = {
			isa = PBXResourcesBuildPhase;
			buildActionMask = 2147483647;
			files = (
			);
			runOnlyForDeploymentPostprocessing = 0;
		};
		EB1C61431B5327380092817E /* Resources */ = {
			isa = PBXResourcesBuildPhase;
			buildActionMask = 2147483647;
			files = (
			);
			runOnlyForDeploymentPostprocessing = 0;
		};
/* End PBXResourcesBuildPhase section */

/* Begin PBXSourcesBuildPhase section */
		EB1C61361B5327380092817E /* Sources */ = {
			isa = PBXSourcesBuildPhase;
			buildActionMask = 2147483647;
			files = (
				EB1C61561B5327500092817E /* TensorProtocol.swift in Sources */,
				EBE0D99A1B5368BE0092817E /* AddSubtract.swift in Sources */,
				EBE948C01BD44DBB001A40C8 /* Util.swift in Sources */,
				EB77C9DC1CD81646006FE242 /* Merge.swift in Sources */,
				EB77C9D61CD81514006FE242 /* EncloseDisclose.swift in Sources */,
				EB3ED7CD1B78811C0092817E /* ArrayIndex.swift in Sources */,
				EB03C3FE1BD43A40001A40C8 /* Pair.swift in Sources */,
				EBC220E81CD5B03F006FE242 /* Tensor.swift in Sources */,
				EBEB92C21B77FC660092817E /* TensorSlice.swift in Sources */,
				EB77C9D81CD8158D006FE242 /* Sequence.swift in Sources */,
				EBA365331BAFC2BE0092817E /* AllElementsCollection.swift in Sources */,
				EB1C615A1B5327B20092817E /* NumericType.swift in Sources */,
				EBE0D99C1B536BDB0092817E /* MultiplyDivide.swift in Sources */,
				EB77C9DA1CD815F8006FE242 /* Transform.swift in Sources */,
				EB1C61581B53275E0092817E /* DenseTensor.swift in Sources */,
				EB1C615C1B5327BC0092817E /* NumericMisc.swift in Sources */,
				EB77C9DF1CD816F2006FE242 /* MapReduceScan.swift in Sources */,
				EB77109E1BA8B0D4006FE242 /* SwiftExtensions.swift in Sources */,
			);
			runOnlyForDeploymentPostprocessing = 0;
		};
		EB1C61411B5327380092817E /* Sources */ = {
			isa = PBXSourcesBuildPhase;
			buildActionMask = 2147483647;
			files = (
				EB1C614B1B5327380092817E /* DenseTensorTests.swift in Sources */,
				EBD9F4E41BFD1B09001A40C8 /* TensorBasicsTests.swift in Sources */,
				EBF74CA41CCABB86006FE242 /* TensorSliceTests.swift in Sources */,
				EB8602281BFE8E87001A40C8 /* OpertaionsTests.swift in Sources */,
			);
			runOnlyForDeploymentPostprocessing = 0;
		};
/* End PBXSourcesBuildPhase section */

/* Begin PBXTargetDependency section */
		EB1C61481B5327380092817E /* PBXTargetDependency */ = {
			isa = PBXTargetDependency;
			target = EB1C613A1B5327380092817E /* Shear */;
			targetProxy = EB1C61471B5327380092817E /* PBXContainerItemProxy */;
		};
/* End PBXTargetDependency section */

/* Begin XCBuildConfiguration section */
		EB1C614D1B5327380092817E /* Debug */ = {
			isa = XCBuildConfiguration;
			buildSettings = {
				ALWAYS_SEARCH_USER_PATHS = NO;
				CLANG_CXX_LANGUAGE_STANDARD = "gnu++0x";
				CLANG_CXX_LIBRARY = "libc++";
				CLANG_ENABLE_MODULES = YES;
				CLANG_ENABLE_OBJC_ARC = YES;
				CLANG_WARN_BOOL_CONVERSION = YES;
				CLANG_WARN_CONSTANT_CONVERSION = YES;
				CLANG_WARN_DIRECT_OBJC_ISA_USAGE = YES_ERROR;
				CLANG_WARN_EMPTY_BODY = YES;
				CLANG_WARN_ENUM_CONVERSION = YES;
				CLANG_WARN_INT_CONVERSION = YES;
				CLANG_WARN_OBJC_ROOT_CLASS = YES_ERROR;
				CLANG_WARN_UNREACHABLE_CODE = YES;
				CLANG_WARN__DUPLICATE_METHOD_MATCH = YES;
				COPY_PHASE_STRIP = NO;
				CURRENT_PROJECT_VERSION = 1;
				DEBUG_INFORMATION_FORMAT = dwarf;
				ENABLE_STRICT_OBJC_MSGSEND = YES;
				ENABLE_TESTABILITY = YES;
				GCC_C_LANGUAGE_STANDARD = gnu99;
				GCC_DYNAMIC_NO_PIC = NO;
				GCC_NO_COMMON_BLOCKS = YES;
				GCC_OPTIMIZATION_LEVEL = 0;
				GCC_PREPROCESSOR_DEFINITIONS = (
					"DEBUG=1",
					"$(inherited)",
				);
				GCC_WARN_64_TO_32_BIT_CONVERSION = YES;
				GCC_WARN_ABOUT_RETURN_TYPE = YES_ERROR;
				GCC_WARN_UNDECLARED_SELECTOR = YES;
				GCC_WARN_UNINITIALIZED_AUTOS = YES_AGGRESSIVE;
				GCC_WARN_UNUSED_FUNCTION = YES;
				GCC_WARN_UNUSED_VARIABLE = YES;
				MACOSX_DEPLOYMENT_TARGET = 10.10;
				MTL_ENABLE_DEBUG_INFO = YES;
				ONLY_ACTIVE_ARCH = YES;
				SDKROOT = macosx;
				SWIFT_OPTIMIZATION_LEVEL = "-Onone";
				VERSIONING_SYSTEM = "apple-generic";
				VERSION_INFO_PREFIX = "";
			};
			name = Debug;
		};
		EB1C614E1B5327380092817E /* Release */ = {
			isa = XCBuildConfiguration;
			buildSettings = {
				ALWAYS_SEARCH_USER_PATHS = NO;
				CLANG_CXX_LANGUAGE_STANDARD = "gnu++0x";
				CLANG_CXX_LIBRARY = "libc++";
				CLANG_ENABLE_MODULES = YES;
				CLANG_ENABLE_OBJC_ARC = YES;
				CLANG_WARN_BOOL_CONVERSION = YES;
				CLANG_WARN_CONSTANT_CONVERSION = YES;
				CLANG_WARN_DIRECT_OBJC_ISA_USAGE = YES_ERROR;
				CLANG_WARN_EMPTY_BODY = YES;
				CLANG_WARN_ENUM_CONVERSION = YES;
				CLANG_WARN_INT_CONVERSION = YES;
				CLANG_WARN_OBJC_ROOT_CLASS = YES_ERROR;
				CLANG_WARN_UNREACHABLE_CODE = YES;
				CLANG_WARN__DUPLICATE_METHOD_MATCH = YES;
				COPY_PHASE_STRIP = NO;
				CURRENT_PROJECT_VERSION = 1;
				DEBUG_INFORMATION_FORMAT = "dwarf-with-dsym";
				ENABLE_NS_ASSERTIONS = NO;
				ENABLE_STRICT_OBJC_MSGSEND = YES;
				GCC_C_LANGUAGE_STANDARD = gnu99;
				GCC_NO_COMMON_BLOCKS = YES;
				GCC_WARN_64_TO_32_BIT_CONVERSION = YES;
				GCC_WARN_ABOUT_RETURN_TYPE = YES_ERROR;
				GCC_WARN_UNDECLARED_SELECTOR = YES;
				GCC_WARN_UNINITIALIZED_AUTOS = YES_AGGRESSIVE;
				GCC_WARN_UNUSED_FUNCTION = YES;
				GCC_WARN_UNUSED_VARIABLE = YES;
				MACOSX_DEPLOYMENT_TARGET = 10.10;
				MTL_ENABLE_DEBUG_INFO = NO;
				SDKROOT = macosx;
				SWIFT_OPTIMIZATION_LEVEL = "-O";
				VERSIONING_SYSTEM = "apple-generic";
				VERSION_INFO_PREFIX = "";
			};
			name = Release;
		};
		EB1C61501B5327380092817E /* Debug */ = {
			isa = XCBuildConfiguration;
			buildSettings = {
				CLANG_ENABLE_MODULES = YES;
				COMBINE_HIDPI_IMAGES = YES;
				DEFINES_MODULE = YES;
				DYLIB_COMPATIBILITY_VERSION = 1;
				DYLIB_CURRENT_VERSION = 1;
				DYLIB_INSTALL_NAME_BASE = "@rpath";
				FRAMEWORK_VERSION = A;
				INFOPLIST_FILE = Shear/Info.plist;
				INSTALL_PATH = "$(LOCAL_LIBRARY_DIR)/Frameworks";
				LD_RUNPATH_SEARCH_PATHS = "$(inherited) @executable_path/../Frameworks @loader_path/Frameworks";
				PRODUCT_BUNDLE_IDENTIFIER = su.snw.Shear;
				PRODUCT_NAME = "$(TARGET_NAME)";
				SKIP_INSTALL = YES;
			};
			name = Debug;
		};
		EB1C61511B5327380092817E /* Release */ = {
			isa = XCBuildConfiguration;
			buildSettings = {
				CLANG_ENABLE_MODULES = YES;
				COMBINE_HIDPI_IMAGES = YES;
				DEFINES_MODULE = YES;
				DYLIB_COMPATIBILITY_VERSION = 1;
				DYLIB_CURRENT_VERSION = 1;
				DYLIB_INSTALL_NAME_BASE = "@rpath";
				FRAMEWORK_VERSION = A;
				INFOPLIST_FILE = Shear/Info.plist;
				INSTALL_PATH = "$(LOCAL_LIBRARY_DIR)/Frameworks";
				LD_RUNPATH_SEARCH_PATHS = "$(inherited) @executable_path/../Frameworks @loader_path/Frameworks";
				PRODUCT_BUNDLE_IDENTIFIER = su.snw.Shear;
				PRODUCT_NAME = "$(TARGET_NAME)";
				SKIP_INSTALL = YES;
			};
			name = Release;
		};
		EB1C61531B5327380092817E /* Debug */ = {
			isa = XCBuildConfiguration;
			buildSettings = {
				COMBINE_HIDPI_IMAGES = YES;
				INFOPLIST_FILE = ShearTests/Info.plist;
				LD_RUNPATH_SEARCH_PATHS = "$(inherited) @executable_path/../Frameworks @loader_path/../Frameworks";
				PRODUCT_BUNDLE_IDENTIFIER = su.snw.ShearTests;
				PRODUCT_NAME = "$(TARGET_NAME)";
			};
			name = Debug;
		};
		EB1C61541B5327380092817E /* Release */ = {
			isa = XCBuildConfiguration;
			buildSettings = {
				COMBINE_HIDPI_IMAGES = YES;
				INFOPLIST_FILE = ShearTests/Info.plist;
				LD_RUNPATH_SEARCH_PATHS = "$(inherited) @executable_path/../Frameworks @loader_path/../Frameworks";
				PRODUCT_BUNDLE_IDENTIFIER = su.snw.ShearTests;
				PRODUCT_NAME = "$(TARGET_NAME)";
			};
			name = Release;
		};
/* End XCBuildConfiguration section */

/* Begin XCConfigurationList section */
		EB1C61351B5327380092817E /* Build configuration list for PBXProject "Shear" */ = {
			isa = XCConfigurationList;
			buildConfigurations = (
				EB1C614D1B5327380092817E /* Debug */,
				EB1C614E1B5327380092817E /* Release */,
			);
			defaultConfigurationIsVisible = 0;
			defaultConfigurationName = Release;
		};
		EB1C614F1B5327380092817E /* Build configuration list for PBXNativeTarget "Shear" */ = {
			isa = XCConfigurationList;
			buildConfigurations = (
				EB1C61501B5327380092817E /* Debug */,
				EB1C61511B5327380092817E /* Release */,
			);
			defaultConfigurationIsVisible = 0;
			defaultConfigurationName = Release;
		};
		EB1C61521B5327380092817E /* Build configuration list for PBXNativeTarget "ShearTests" */ = {
			isa = XCConfigurationList;
			buildConfigurations = (
				EB1C61531B5327380092817E /* Debug */,
				EB1C61541B5327380092817E /* Release */,
			);
			defaultConfigurationIsVisible = 0;
			defaultConfigurationName = Release;
		};
/* End XCConfigurationList section */
	};
	rootObject = EB1C61321B5327380092817E /* Project object */;
}
